
Microsoft Visual Studio Solution File, Format Version 12.00
# Visual Studio Version 17
VisualStudioVersion = 17.13.35828.75
MinimumVisualStudioVersion = 10.0.40219.1
Project("{FAE04EC0-301F-11D3-BF4B-00C04F79EFBC}") = "MemeWorld", "Permission\MemeWorld.csproj", "{FCF6B280-8D63-4551-82A7-2C620F80216A}"
EndProject
Project("{FAE04EC0-301F-11D3-BF4B-00C04F79EFBC}") = "Worker", "Worker\Worker.csproj", "{ECBE8850-46A4-4732-BB23-7C9655F20A37}"
EndProject
Project("{2150E333-8FDC-42A3-9474-1A3956D46DE8}") = "Common", "Common", "{02EA681E-C7D8-13C7-8484-4AC65E1B71E8}"
EndProject
Project("{2150E333-8FDC-42A3-9474-1A3956D46DE8}") = "Worker", "Worker", "{DED6CD48-4D90-42AF-8216-B13A66E83CAC}"
EndProject
Project("{2150E333-8FDC-42A3-9474-1A3956D46DE8}") = "Schedule", "Schedule", "{2E3B40FD-FA3B-4A13-B39B-66A0ACDD0A47}"
EndProject
Project("{2150E333-8FDC-42A3-9474-1A3956D46DE8}") = "Entity", "Entity", "{4475D048-2677-40FB-8CC1-DC94CF891AA8}"
EndProject
Project("{2150E333-8FDC-42A3-9474-1A3956D46DE8}") = "Model", "Model", "{4F3FFE7F-9CCE-4684-8774-7869159DCD0D}"
EndProject
Project("{2150E333-8FDC-42A3-9474-1A3956D46DE8}") = "Service", "Service", "{60905CB7-84E7-45C3-97E7-173C624BBE6D}"
EndProject
Project("{FAE04EC0-301F-11D3-BF4B-00C04F79EFBC}") = "Common.Database", "Common.Database\Common.Database.csproj", "{FA2F2910-7D3D-45E0-AB81-3C63AADB3FE3}"
EndProject
Global
	GlobalSection(SolutionConfigurationPlatforms) = preSolution
		Debug|Any CPU = Debug|Any CPU
		Release|Any CPU = Release|Any CPU
	EndGlobalSection
	GlobalSection(ProjectConfigurationPlatforms) = postSolution
		{FCF6B280-8D63-4551-82A7-2C620F80216A}.Debug|Any CPU.ActiveCfg = Debug|Any CPU
		{FCF6B280-8D63-4551-82A7-2C620F80216A}.Debug|Any CPU.Build.0 = Debug|Any CPU
		{FCF6B280-8D63-4551-82A7-2C620F80216A}.Release|Any CPU.ActiveCfg = Release|Any CPU
		{FCF6B280-8D63-4551-82A7-2C620F80216A}.Release|Any CPU.Build.0 = Release|Any CPU
		{ECBE8850-46A4-4732-BB23-7C9655F20A37}.Debug|Any CPU.ActiveCfg = Debug|Any CPU
		{ECBE8850-46A4-4732-BB23-7C9655F20A37}.Debug|Any CPU.Build.0 = Debug|Any CPU
		{ECBE8850-46A4-4732-BB23-7C9655F20A37}.Release|Any CPU.ActiveCfg = Release|Any CPU
		{ECBE8850-46A4-4732-BB23-7C9655F20A37}.Release|Any CPU.Build.0 = Release|Any CPU
		{FA2F2910-7D3D-45E0-AB81-3C63AADB3FE3}.Debug|Any CPU.ActiveCfg = Debug|Any CPU
		{FA2F2910-7D3D-45E0-AB81-3C63AADB3FE3}.Debug|Any CPU.Build.0 = Debug|Any CPU
		{FA2F2910-7D3D-45E0-AB81-3C63AADB3FE3}.Release|Any CPU.ActiveCfg = Release|Any CPU
		{FA2F2910-7D3D-45E0-AB81-3C63AADB3FE3}.Release|Any CPU.Build.0 = Release|Any CPU
	EndGlobalSection
	GlobalSection(SolutionProperties) = preSolution
		HideSolutionNode = FALSE
	EndGlobalSection
	GlobalSection(NestedProjects) = preSolution
		{ECBE8850-46A4-4732-BB23-7C9655F20A37} = {DED6CD48-4D90-42AF-8216-B13A66E83CAC}
		{4475D048-2677-40FB-8CC1-DC94CF891AA8} = {2E3B40FD-FA3B-4A13-B39B-66A0ACDD0A47}
		{4F3FFE7F-9CCE-4684-8774-7869159DCD0D} = {2E3B40FD-FA3B-4A13-B39B-66A0ACDD0A47}
		{60905CB7-84E7-45C3-97E7-173C624BBE6D} = {2E3B40FD-FA3B-4A13-B39B-66A0ACDD0A47}
		{FA2F2910-7D3D-45E0-AB81-3C63AADB3FE3} = {02EA681E-C7D8-13C7-8484-4AC65E1B71E8}
	EndGlobalSection
	GlobalSection(ExtensibilityGlobals) = postSolution
		SolutionGuid = {3236D61A-F048-4366-997E-8A862C4AE8C8}
	EndGlobalSection
EndGlobal
